
Microsoft Visual Studio Solution File, Format Version 12.00
# Visual Studio Version 17
VisualStudioVersion = 17.4.33403.182
MinimumVisualStudioVersion = 10.0.40219.1
Project("{9A19103F-16F7-4668-BE54-9A1E7A4F7556}") = "Yugo", "Yugo.csproj", "{E608B3BF-A405-4AF2-B870-F2241A374DE6}"
EndProject
Project("{2150E333-8FDC-42A3-9474-1A3956D46DE8}") = "Solution Items", "Solution Items", "{E1AD0038-C1C7-4F53-A7DA-82BDD89DDB3F}"
EndProject
Project("{FAE04EC0-301F-11D3-BF4B-00C04F79EFBC}") = "YugoTests", "YugoTests\YugoTests.csproj", "{E6FAF47A-CC64-424B-A048-BA27BE0A05B5}"
EndProject
Global
	GlobalSection(SolutionConfigurationPlatforms) = preSolution
		Debug|Any CPU = Debug|Any CPU
		Release|Any CPU = Release|Any CPU
	EndGlobalSection
	GlobalSection(ProjectConfigurationPlatforms) = postSolution
		{E608B3BF-A405-4AF2-B870-F2241A374DE6}.Debug|Any CPU.ActiveCfg = Debug|Any CPU
		{E608B3BF-A405-4AF2-B870-F2241A374DE6}.Debug|Any CPU.Build.0 = Debug|Any CPU
		{E608B3BF-A405-4AF2-B870-F2241A374DE6}.Release|Any CPU.ActiveCfg = Release|Any CPU
		{E608B3BF-A405-4AF2-B870-F2241A374DE6}.Release|Any CPU.Build.0 = Release|Any CPU
		{E6FAF47A-CC64-424B-A048-BA27BE0A05B5}.Debug|Any CPU.ActiveCfg = Debug|Any CPU
		{E6FAF47A-CC64-424B-A048-BA27BE0A05B5}.Debug|Any CPU.Build.0 = Debug|Any CPU
		{E6FAF47A-CC64-424B-A048-BA27BE0A05B5}.Release|Any CPU.ActiveCfg = Release|Any CPU
		{E6FAF47A-CC64-424B-A048-BA27BE0A05B5}.Release|Any CPU.Build.0 = Release|Any CPU
	EndGlobalSection
	GlobalSection(SolutionProperties) = preSolution
		HideSolutionNode = FALSE
	EndGlobalSection
	GlobalSection(ExtensibilityGlobals) = postSolution
		SolutionGuid = {9483AA30-063A-4413-A6A1-FFD058C6975C}
	EndGlobalSection
EndGlobal
